
Microsoft Visual Studio Solution File, Format Version 12.00
# Visual Studio Version 17
VisualStudioVersion = 17.10.35004.147
MinimumVisualStudioVersion = 10.0.40219.1
Project("{FAE04EC0-301F-11D3-BF4B-00C04F79EFBC}") = "ChessApp.Server", "ChessApp.Server\ChessApp.Server.csproj", "{D3B9AFE7-F135-4264-88D1-2EE7F19CFCB3}"
EndProject
Project("{54A90642-561A-4BB1-A94E-469ADEE60C69}") = "chessapp.client", "chessapp.client\chessapp.client.esproj", "{3A4E5B13-CF3F-449F-8E48-9643355C17BB}"
EndProject
Global
	GlobalSection(SolutionConfigurationPlatforms) = preSolution
		Debug|Any CPU = Debug|Any CPU
		Release|Any CPU = Release|Any CPU
	EndGlobalSection
	GlobalSection(ProjectConfigurationPlatforms) = postSolution
		{D3B9AFE7-F135-4264-88D1-2EE7F19CFCB3}.Debug|Any CPU.ActiveCfg = Debug|Any CPU
		{D3B9AFE7-F135-4264-88D1-2EE7F19CFCB3}.Debug|Any CPU.Build.0 = Debug|Any CPU
		{D3B9AFE7-F135-4264-88D1-2EE7F19CFCB3}.Release|Any CPU.ActiveCfg = Release|Any CPU
		{D3B9AFE7-F135-4264-88D1-2EE7F19CFCB3}.Release|Any CPU.Build.0 = Release|Any CPU
		{3A4E5B13-CF3F-449F-8E48-9643355C17BB}.Debug|Any CPU.ActiveCfg = Debug|Any CPU
		{3A4E5B13-CF3F-449F-8E48-9643355C17BB}.Debug|Any CPU.Build.0 = Debug|Any CPU
		{3A4E5B13-CF3F-449F-8E48-9643355C17BB}.Debug|Any CPU.Deploy.0 = Debug|Any CPU
		{3A4E5B13-CF3F-449F-8E48-9643355C17BB}.Release|Any CPU.ActiveCfg = Release|Any CPU
		{3A4E5B13-CF3F-449F-8E48-9643355C17BB}.Release|Any CPU.Build.0 = Release|Any CPU
		{3A4E5B13-CF3F-449F-8E48-9643355C17BB}.Release|Any CPU.Deploy.0 = Release|Any CPU
	EndGlobalSection
	GlobalSection(SolutionProperties) = preSolution
		HideSolutionNode = FALSE
	EndGlobalSection
	GlobalSection(ExtensibilityGlobals) = postSolution
		SolutionGuid = {B0909567-BDBD-4236-9AFD-2260E66CE4C9}
	EndGlobalSection
EndGlobal
